
Microsoft Visual Studio Solution File, Format Version 12.00
# Visual Studio Version 17
VisualStudioVersion = 17.3.32922.545
MinimumVisualStudioVersion = 10.0.40219.1
Project("{FAE04EC0-301F-11D3-BF4B-00C04F79EFBC}") = "Dz_6", "Dz_6\Dz_6.csproj", "{0AC55CF5-7331-4896-99EA-141AF93F3C5F}"
EndProject
Global
	GlobalSection(SolutionConfigurationPlatforms) = preSolution
		Debug|Any CPU = Debug|Any CPU
		Release|Any CPU = Release|Any CPU
	EndGlobalSection
	GlobalSection(ProjectConfigurationPlatforms) = postSolution
		{0AC55CF5-7331-4896-99EA-141AF93F3C5F}.Debug|Any CPU.ActiveCfg = Debug|Any CPU
		{0AC55CF5-7331-4896-99EA-141AF93F3C5F}.Debug|Any CPU.Build.0 = Debug|Any CPU
		{0AC55CF5-7331-4896-99EA-141AF93F3C5F}.Release|Any CPU.ActiveCfg = Release|Any CPU
		{0AC55CF5-7331-4896-99EA-141AF93F3C5F}.Release|Any CPU.Build.0 = Release|Any CPU
	EndGlobalSection
	GlobalSection(SolutionProperties) = preSolution
		HideSolutionNode = FALSE
	EndGlobalSection
	GlobalSection(ExtensibilityGlobals) = postSolution
		SolutionGuid = {5902E896-6521-4924-A208-5DF7433F03D6}
	EndGlobalSection
EndGlobal
